lockfileVersion: '6.0'

settings:
  autoInstallPeers: true
  excludeLinksFromLockfile: false

dependencies:
  fastify-piscina:
    specifier: ^5.0.0
    version: 5.0.0

packages:

  /fastify-piscina@5.0.0:
    resolution: {integrity: sha512-q7DGv1WqQWDjvZhA+VaRve/xEwTqH8y3qz2sfv/xWvjcDBTRGmGEATJ47T2Z4ab7hQi06JiOAsnuVklgmEbfMA==}
    dependencies:
      fastify-plugin: 4.5.1
      piscina: 4.5.1
    dev: false

  /fastify-plugin@4.5.1:
    resolution: {integrity: sha512-stRHYGeuqpEZTL1Ef0Ovr2ltazUT9g844X5z/zEBFLG8RYlpDiOCIG+ATvYEp+/zmc7sN29mcIMp8gvYplYPIQ==}
    dev: false

  /nice-napi@1.0.2:
    resolution: {integrity: sha512-px/KnJAJZf5RuBGcfD+Sp2pAKq0ytz8j+1NehvgIGFkvtvFrDM3T8E4x/JJODXK9WZow8RRGrbA9QQ3hs+pDhA==}
    os: ['!win32']
    requiresBuild: true
    dependencies:
      node-addon-api: 3.2.1
      node-gyp-build: 4.8.1
    dev: false
    optional: true

  /node-addon-api@3.2.1:
    resolution: {integrity: sha512-mmcei9JghVNDYydghQmeDX8KoAm0FAiYyIcUt/N4nhyAipB17pllZQDOJD2fotxABnt4Mdz+dKTO7eftLg4d0A==}
    requiresBuild: true
    dev: false
    optional: true

  /node-gyp-build@4.8.1:
    resolution: {integrity: sha512-OSs33Z9yWr148JZcbZd5WiAXhh/n9z8TxQcdMhIOlpN9AhWpLfvVFO73+m77bBABQMaY9XSvIa+qk0jlI7Gcaw==}
    hasBin: true
    requiresBuild: true
    dev: false
    optional: true

  /piscina@4.5.1:
    resolution: {integrity: sha512-DVhySLPfqAW+uRH9dF0bjA2xEWr5ANLAzkYXx5adSLMFnwssSIVJYhg0FlvgYsnT/khILQJ3WkjqbAlBvt+maw==}
    optionalDependencies:
      nice-napi: 1.0.2
    dev: false
